
Microsoft Visual Studio Solution File, Format Version 12.00
# Visual Studio Version 16
VisualStudioVersion = 16.0.30011.22
MinimumVisualStudioVersion = 10.0.40219.1
Project("{FAE04EC0-301F-11D3-BF4B-00C04F79EFBC}") = "ToDoList.Server", "ToDoList\Server\ToDoList.Server.csproj", "{3AAA9345-FC2F-43E7-84AC-180DFE1B503A}"
EndProject
Project("{FAE04EC0-301F-11D3-BF4B-00C04F79EFBC}") = "ToDoList.Client", "ToDoList\Client\ToDoList.Client.csproj", "{04D3D5CA-D599-4375-B358-AC21F0785125}"
EndProject
Project("{FAE04EC0-301F-11D3-BF4B-00C04F79EFBC}") = "ToDoList.Shared", "ToDoList\Shared\ToDoList.Shared.csproj", "{8C4225FC-F769-4518-861C-414F66C1C6EB}"
EndProject
Global
	GlobalSection(SolutionConfigurationPlatforms) = preSolution
		Debug|Any CPU = Debug|Any CPU
		Release|Any CPU = Release|Any CPU
	EndGlobalSection
	GlobalSection(ProjectConfigurationPlatforms) = postSolution
		{3AAA9345-FC2F-43E7-84AC-180DFE1B503A}.Debug|Any CPU.ActiveCfg = Debug|Any CPU
		{3AAA9345-FC2F-43E7-84AC-180DFE1B503A}.Debug|Any CPU.Build.0 = Debug|Any CPU
		{3AAA9345-FC2F-43E7-84AC-180DFE1B503A}.Release|Any CPU.ActiveCfg = Release|Any CPU
		{3AAA9345-FC2F-43E7-84AC-180DFE1B503A}.Release|Any CPU.Build.0 = Release|Any CPU
		{04D3D5CA-D599-4375-B358-AC21F0785125}.Debug|Any CPU.ActiveCfg = Debug|Any CPU
		{04D3D5CA-D599-4375-B358-AC21F0785125}.Debug|Any CPU.Build.0 = Debug|Any CPU
		{04D3D5CA-D599-4375-B358-AC21F0785125}.Release|Any CPU.ActiveCfg = Release|Any CPU
		{04D3D5CA-D599-4375-B358-AC21F0785125}.Release|Any CPU.Build.0 = Release|Any CPU
		{8C4225FC-F769-4518-861C-414F66C1C6EB}.Debug|Any CPU.ActiveCfg = Debug|Any CPU
		{8C4225FC-F769-4518-861C-414F66C1C6EB}.Debug|Any CPU.Build.0 = Debug|Any CPU
		{8C4225FC-F769-4518-861C-414F66C1C6EB}.Release|Any CPU.ActiveCfg = Release|Any CPU
		{8C4225FC-F769-4518-861C-414F66C1C6EB}.Release|Any CPU.Build.0 = Release|Any CPU
	EndGlobalSection
	GlobalSection(SolutionProperties) = preSolution
		HideSolutionNode = FALSE
	EndGlobalSection
	GlobalSection(ExtensibilityGlobals) = postSolution
		SolutionGuid = {D733DD15-9587-4F18-9C50-54D883E20360}
	EndGlobalSection
EndGlobal
